
Microsoft Visual Studio Solution File, Format Version 12.00
# Visual Studio 14
VisualStudioVersion = 14.0.25420.1
MinimumVisualStudioVersion = 10.0.40219.1
Project("{FAE04EC0-301F-11D3-BF4B-00C04F79EFBC}") = "BJSS.ShoppingBasketApp", "BJSS.ShoppingBasketApp\BJSS.ShoppingBasketApp.csproj", "{AC1912DA-67C2-4CA4-B5AE-F7A32F98BF75}"
EndProject
Project("{FAE04EC0-301F-11D3-BF4B-00C04F79EFBC}") = "BJSS.ShoppingBasket.Tests", "BJSS.ShoppingBasket.Tests\BJSS.ShoppingBasket.Tests.csproj", "{EBDC21C5-C09F-4B3B-A711-02D4E046512A}"
EndProject
Global
	GlobalSection(SolutionConfigurationPlatforms) = preSolution
		Debug|Any CPU = Debug|Any CPU
		Release|Any CPU = Release|Any CPU
	EndGlobalSection
	GlobalSection(ProjectConfigurationPlatforms) = postSolution
		{AC1912DA-67C2-4CA4-B5AE-F7A32F98BF75}.Debug|Any CPU.ActiveCfg = Debug|Any CPU
		{AC1912DA-67C2-4CA4-B5AE-F7A32F98BF75}.Debug|Any CPU.Build.0 = Debug|Any CPU
		{AC1912DA-67C2-4CA4-B5AE-F7A32F98BF75}.Release|Any CPU.ActiveCfg = Release|Any CPU
		{AC1912DA-67C2-4CA4-B5AE-F7A32F98BF75}.Release|Any CPU.Build.0 = Release|Any CPU
		{EBDC21C5-C09F-4B3B-A711-02D4E046512A}.Debug|Any CPU.ActiveCfg = Debug|Any CPU
		{EBDC21C5-C09F-4B3B-A711-02D4E046512A}.Debug|Any CPU.Build.0 = Debug|Any CPU
		{EBDC21C5-C09F-4B3B-A711-02D4E046512A}.Release|Any CPU.ActiveCfg = Release|Any CPU
		{EBDC21C5-C09F-4B3B-A711-02D4E046512A}.Release|Any CPU.Build.0 = Release|Any CPU
	EndGlobalSection
	GlobalSection(SolutionProperties) = preSolution
		HideSolutionNode = FALSE
	EndGlobalSection
EndGlobal
